
Microsoft Visual Studio Solution File, Format Version 12.00
# Visual Studio Version 16
VisualStudioVersion = 16.0.30104.148
MinimumVisualStudioVersion = 10.0.40219.1
Project("{FAE04EC0-301F-11D3-BF4B-00C04F79EFBC}") = "Encog", "Encog.csproj", "{EAC62A00-B6EE-4EE0-9A4B-8882D049BEC4}"
EndProject
Global
	GlobalSection(SolutionConfigurationPlatforms) = preSolution
		Debug|Any CPU = Debug|Any CPU
		Release|Any CPU = Release|Any CPU
	EndGlobalSection
	GlobalSection(ProjectConfigurationPlatforms) = postSolution
		{EAC62A00-B6EE-4EE0-9A4B-8882D049BEC4}.Debug|Any CPU.ActiveCfg = Debug|Any CPU
		{EAC62A00-B6EE-4EE0-9A4B-8882D049BEC4}.Debug|Any CPU.Build.0 = Debug|Any CPU
		{EAC62A00-B6EE-4EE0-9A4B-8882D049BEC4}.Release|Any CPU.ActiveCfg = Release|Any CPU
		{EAC62A00-B6EE-4EE0-9A4B-8882D049BEC4}.Release|Any CPU.Build.0 = Release|Any CPU
	EndGlobalSection
	GlobalSection(SolutionProperties) = preSolution
		HideSolutionNode = FALSE
	EndGlobalSection
	GlobalSection(ExtensibilityGlobals) = postSolution
		SolutionGuid = {CC903357-48CA-41D4-920A-5DBFC2C02713}
	EndGlobalSection
EndGlobal
